
Microsoft Visual Studio Solution File, Format Version 12.00
# Visual Studio Version 17
VisualStudioVersion = 17.3.32804.467
MinimumVisualStudioVersion = 10.0.40219.1
Project("{FAE04EC0-301F-11D3-BF4B-00C04F79EFBC}") = "Fordelings hatten", "Fordelings hatten\Fordelings hatten.csproj", "{47F9FC02-F465-4187-89C7-6908262DA162}"
EndProject
Global
	GlobalSection(SolutionConfigurationPlatforms) = preSolution
		Debug|Any CPU = Debug|Any CPU
		Release|Any CPU = Release|Any CPU
	EndGlobalSection
	GlobalSection(ProjectConfigurationPlatforms) = postSolution
		{47F9FC02-F465-4187-89C7-6908262DA162}.Debug|Any CPU.ActiveCfg = Debug|Any CPU
		{47F9FC02-F465-4187-89C7-6908262DA162}.Debug|Any CPU.Build.0 = Debug|Any CPU
		{47F9FC02-F465-4187-89C7-6908262DA162}.Release|Any CPU.ActiveCfg = Release|Any CPU
		{47F9FC02-F465-4187-89C7-6908262DA162}.Release|Any CPU.Build.0 = Release|Any CPU
	EndGlobalSection
	GlobalSection(SolutionProperties) = preSolution
		HideSolutionNode = FALSE
	EndGlobalSection
	GlobalSection(ExtensibilityGlobals) = postSolution
		SolutionGuid = {BFAD1E80-1F49-45C7-9F6A-1B50969FD26D}
	EndGlobalSection
EndGlobal
